// !$*UTF8*$!
{
	archiveVersion = 1;
	classes = {
	};
	objectVersion = 46;
	objects = {

/* Begin PBXBuildFile section */
		B98FA20B1A15041F000F3FB6 /* main.m in Sources */ = {isa = PBXBuildFile; fileRef = B98FA20A1A15041F000F3FB6 /* main.m */; };
		B98FA20E1A15041F000F3FB6 /* AppDelegate.m in Sources */ = {isa = PBXBuildFile; fileRef = B98FA20D1A15041F000F3FB6 /* AppDelegate.m */; };
		B98FA2111A15041F000F3FB6 /* ViewController.m in Sources */ = {isa = PBXBuildFile; fileRef = B98FA2101A15041F000F3FB6 /* ViewController.m */; };
		B98FA2141A15041F000F3FB6 /* Main.storyboard in Resources */ = {isa = PBXBuildFile; fileRef = B98FA2121A15041F000F3FB6 /* Main.storyboard */; };
		B98FA2161A15041F000F3FB6 /* Images.xcassets in Resources */ = {isa = PBXBuildFile; fileRef = B98FA2151A15041F000F3FB6 /* Images.xcassets */; };
		B98FA2191A15041F000F3FB6 /* LaunchScreen.xib in Resources */ = {isa = PBXBuildFile; fileRef = B98FA2171A15041F000F3FB6 /* LaunchScreen.xib */; };
		B98FA2251A150420000F3FB6 /* EAnimaitonsDemoTests.m in Sources */ = {isa = PBXBuildFile; fileRef = B98FA2241A150420000F3FB6 /* EAnimaitonsDemoTests.m */; };
/* End PBXBuildFile section */

/* Begin PBXContainerItemProxy section */
		B98FA21F1A150420000F3FB6 /* PBXContainerItemProxy */ = {
			isa = PBXContainerItemProxy;
			containerPortal = B98FA1FD1A15041F000F3FB6 /* Project object */;
			proxyType = 1;
			remoteGlobalIDString = B98FA2041A15041F000F3FB6;
			remoteInfo = EAnimaitonsDemo;
		};
/* End PBXContainerItemProxy section */

/* Begin PBXFileReference section */
		B98FA2051A15041F000F3FB6 /* EAnimaitonsDemo.app */ = {isa = PBXFileReference; explicitFileType = wrapper.application; includeInIndex = 0; path = EAnimaitonsDemo.app; sourceTree = BUILT_PRODUCTS_DIR; };
		B98FA2091A15041F000F3FB6 /* Info.plist */ = {isa = PBXFileReference; lastKnownFileType = text.plist.xml; path = Info.plist; sourceTree = "<group>"; };
		B98FA20A1A15041F000F3FB6 /* main.m */ = {isa = PBXFileReference; lastKnownFileType = sourcecode.c.objc; path = main.m; sourceTree = "<group>"; };
		B98FA20C1A15041F000F3FB6 /* AppDelegate.h */ = {isa = PBXFileReference; lastKnownFileType = sourcecode.c.h; path = AppDelegate.h; sourceTree = "<group>"; };
		B98FA20D1A15041F000F3FB6 /* AppDelegate.m */ = {isa = PBXFileReference; lastKnownFileType = sourcecode.c.objc; path = AppDelegate.m; sourceTree = "<group>"; };
		B98FA20F1A15041F000F3FB6 /* ViewController.h */ = {isa = PBXFileReference; lastKnownFileType = sourcecode.c.h; path = ViewController.h; sourceTree = "<group>"; };
		B98FA2101A15041F000F3FB6 /* ViewController.m */ = {isa = PBXFileReference; lastKnownFileType = sourcecode.c.objc; path = ViewController.m; sourceTree = "<group>"; };
		B98FA2131A15041F000F3FB6 /* Base */ = {isa = PBXFileReference; lastKnownFileType = file.storyboard; name = Base; path = Base.lproj/Main.storyboard; sourceTree = "<group>"; };
		B98FA2151A15041F000F3FB6 /* Images.xcassets */ = {isa = PBXFileReference; lastKnownFileType = folder.assetcatalog; path = Images.xcassets; sourceTree = "<group>"; };
		B98FA2181A15041F000F3FB6 /* Base */ = {isa = PBXFileReference; lastKnownFileType = file.xib; name = Base; path = Base.lproj/LaunchScreen.xib; sourceTree = "<group>"; };
		B98FA21E1A150420000F3FB6 /* EAnimaitonsDemoTests.xctest */ = {isa = PBXFileReference; explicitFileType = wrapper.cfbundle; includeInIndex = 0; path = EAnimaitonsDemoTests.xctest; sourceTree = BUILT_PRODUCTS_DIR; };
		B98FA2231A150420000F3FB6 /* Info.plist */ = {isa = PBXFileReference; lastKnownFileType = text.plist.xml; path = Info.plist; sourceTree = "<group>"; };
		B98FA2241A150420000F3FB6 /* EAnimaitonsDemoTests.m */ = {isa = PBXFileReference; lastKnownFileType = sourcecode.c.objc; path = EAnimaitonsDemoTests.m; sourceTree = "<group>"; };
/* End PBXFileReference section */

/* Begin PBXFrameworksBuildPhase section */
		B98FA2021A15041F000F3FB6 /* Frameworks */ = {
			isa = PBXFrameworksBuildPhase;
			buildActionMask = 2147483647;
			files = (
			);
			runOnlyForDeploymentPostprocessing = 0;
		};
		B98FA21B1A150420000F3FB6 /* Frameworks */ = {
			isa = PBXFrameworksBuildPhase;
			buildActionMask = 2147483647;
			files = (
			);
			runOnlyForDeploymentPostprocessing = 0;
		};
/* End PBXFrameworksBuildPhase section */

/* Begin PBXGroup section */
		B98FA1FC1A15041F000F3FB6 = {
			isa = PBXGroup;
			children = (
				B98FA2071A15041F000F3FB6 /* EAnimaitonsDemo */,
				B98FA2211A150420000F3FB6 /* EAnimaitonsDemoTests */,
				B98FA2061A15041F000F3FB6 /* Products */,
			);
			sourceTree = "<group>";
		};
		B98FA2061A15041F000F3FB6 /* Products */ = {
			isa = PBXGroup;
			children = (
				B98FA2051A15041F000F3FB6 /* EAnimaitonsDemo.app */,
				B98FA21E1A150420000F3FB6 /* EAnimaitonsDemoTests.xctest */,
			);
			name = Products;
			sourceTree = "<group>";
		};
		B98FA2071A15041F000F3FB6 /* EAnimaitonsDemo */ = {
			isa = PBXGroup;
			children = (
				B98FA20C1A15041F000F3FB6 /* AppDelegate.h */,
				B98FA20D1A15041F000F3FB6 /* AppDelegate.m */,
				B98FA20F1A15041F000F3FB6 /* ViewController.h */,
				B98FA2101A15041F000F3FB6 /* ViewController.m */,
				B98FA2121A15041F000F3FB6 /* Main.storyboard */,
				B98FA2151A15041F000F3FB6 /* Images.xcassets */,
				B98FA2171A15041F000F3FB6 /* LaunchScreen.xib */,
				B98FA2081A15041F000F3FB6 /* Supporting Files */,
			);
			path = EAnimaitonsDemo;
			sourceTree = "<group>";
		};
		B98FA2081A15041F000F3FB6 /* Supporting Files */ = {
			isa = PBXGroup;
			children = (
				B98FA2091A15041F000F3FB6 /* Info.plist */,
				B98FA20A1A15041F000F3FB6 /* main.m */,
			);
			name = "Supporting Files";
			sourceTree = "<group>";
		};
		B98FA2211A150420000F3FB6 /* EAnimaitonsDemoTests */ = {
			isa = PBXGroup;
			children = (
				B98FA2241A150420000F3FB6 /* EAnimaitonsDemoTests.m */,
				B98FA2221A150420000F3FB6 /* Supporting Files */,
			);
			path = EAnimaitonsDemoTests;
			sourceTree = "<group>";
		};
		B98FA2221A150420000F3FB6 /* Supporting Files */ = {
			isa = PBXGroup;
			children = (
				B98FA2231A150420000F3FB6 /* Info.plist */,
			);
			name = "Supporting Files";
			sourceTree = "<group>";
		};
/* End PBXGroup section */

/* Begin PBXNativeTarget section */
		B98FA2041A15041F000F3FB6 /* EAnimaitonsDemo */ = {
			isa = PBXNativeTarget;
			buildConfigurationList = B98FA2281A150420000F3FB6 /* Build configuration list for PBXNativeTarget "EAnimaitonsDemo" */;
			buildPhases = (
				B98FA2011A15041F000F3FB6 /* Sources */,
				B98FA2021A15041F000F3FB6 /* Frameworks */,
				B98FA2031A15041F000F3FB6 /* Resources */,
			);
			buildRules = (
			);
			dependencies = (
			);
			name = EAnimaitonsDemo;
			productName = EAnimaitonsDemo;
			productReference = B98FA2051A15041F000F3FB6 /* EAnimaitonsDemo.app */;
			productType = "com.apple.product-type.application";
		};
		B98FA21D1A150420000F3FB6 /* EAnimaitonsDemoTests */ = {
			isa = PBXNativeTarget;
			buildConfigurationList = B98FA22B1A150420000F3FB6 /* Build configuration list for PBXNativeTarget "EAnimaitonsDemoTests" */;
			buildPhases = (
				B98FA21A1A150420000F3FB6 /* Sources */,
				B98FA21B1A150420000F3FB6 /* Frameworks */,
				B98FA21C1A150420000F3FB6 /* Resources */,
			);
			buildRules = (
			);
			dependencies = (
				B98FA2201A150420000F3FB6 /* PBXTargetDependency */,
			);
			name = EAnimaitonsDemoTests;
			productName = EAnimaitonsDemoTests;
			productReference = B98FA21E1A150420000F3FB6 /* EAnimaitonsDemoTests.xctest */;
			productType = "com.apple.product-type.bundle.unit-test";
		};
/* End PBXNativeTarget section */

/* Begin PBXProject section */
		B98FA1FD1A15041F000F3FB6 /* Project object */ = {
			isa = PBXProject;
			attributes = {
				LastUpgradeCheck = 0610;
				ORGANIZATIONNAME = "smileshitou@hotmail.com";
				TargetAttributes = {
					B98FA2041A15041F000F3FB6 = {
						CreatedOnToolsVersion = 6.1;
					};
					B98FA21D1A150420000F3FB6 = {
						CreatedOnToolsVersion = 6.1;
						TestTargetID = B98FA2041A15041F000F3FB6;
					};
				};
			};
			buildConfigurationList = B98FA2001A15041F000F3FB6 /* Build configuration list for PBXProject "EAnimaitonsDemo" */;
			compatibilityVersion = "Xcode 3.2";
			developmentRegion = English;
			hasScannedForEncodings = 0;
			knownRegions = (
				en,
				Base,
			);
			mainGroup = B98FA1FC1A15041F000F3FB6;
			productRefGroup = B98FA2061A15041F000F3FB6 /* Products */;
			projectDirPath = "";
			projectRoot = "";
			targets = (
				B98FA2041A15041F000F3FB6 /* EAnimaitonsDemo */,
				B98FA21D1A150420000F3FB6 /* EAnimaitonsDemoTests */,
			);
		};
/* End PBXProject section */

/* Begin PBXResourcesBuildPhase section */
		B98FA2031A15041F000F3FB6 /* Resources */ = {
			isa = PBXResourcesBuildPhase;
			buildActionMask = 2147483647;
			files = (
				B98FA2141A15041F000F3FB6 /* Main.storyboard in Resources */,
				B98FA2191A15041F000F3FB6 /* LaunchScreen.xib in Resources */,
				B98FA2161A15041F000F3FB6 /* Images.xcassets in Resources */,
			);
			runOnlyForDeploymentPostprocessing = 0;
		};
		B98FA21C1A150420000F3FB6 /* Resources */ = {
			isa = PBXResourcesBuildPhase;
			buildActionMask = 2147483647;
			files = (
			);
			runOnlyForDeploymentPostprocessing = 0;
		};
/* End PBXResourcesBuildPhase section */

/* Begin PBXSourcesBuildPhase section */
		B98FA2011A15041F000F3FB6 /* Sources */ = {
			isa = PBXSourcesBuildPhase;
			buildActionMask = 2147483647;
			files = (
				B98FA2111A15041F000F3FB6 /* ViewController.m in Sources */,
				B98FA20E1A15041F000F3FB6 /* AppDelegate.m in Sources */,
				B98FA20B1A15041F000F3FB6 /* main.m in Sources */,
			);
			runOnlyForDeploymentPostprocessing = 0;
		};
		B98FA21A1A150420000F3FB6 /* Sources */ = {
			isa = PBXSourcesBuildPhase;
			buildActionMask = 2147483647;
			files = (
				B98FA2251A150420000F3FB6 /* EAnimaitonsDemoTests.m in Sources */,
			);
			runOnlyForDeploymentPostprocessing = 0;
		};
/* End PBXSourcesBuildPhase section */

/* Begin PBXTargetDependency section */
		B98FA2201A150420000F3FB6 /* PBXTargetDependency */ = {
			isa = PBXTargetDependency;
			target = B98FA2041A15041F000F3FB6 /* EAnimaitonsDemo */;
			targetProxy = B98FA21F1A150420000F3FB6 /* PBXContainerItemProxy */;
		};
/* End PBXTargetDependency section */

/* Begin PBXVariantGroup section */
		B98FA2121A15041F000F3FB6 /* Main.storyboard */ = {
			isa = PBXVariantGroup;
			children = (
				B98FA2131A15041F000F3FB6 /* Base */,
			);
			name = Main.storyboard;
			sourceTree = "<group>";
		};
		B98FA2171A15041F000F3FB6 /* LaunchScreen.xib */ = {
			isa = PBXVariantGroup;
			children = (
				B98FA2181A15041F000F3FB6 /* Base */,
			);
			name = LaunchScreen.xib;
			sourceTree = "<group>";
		};
/* End PBXVariantGroup section */

/* Begin XCBuildConfiguration section */
		B98FA2261A150420000F3FB6 /* Debug */ = {
			isa = XCBuildConfiguration;
			buildSettings = {
				ALWAYS_SEARCH_USER_PATHS = NO;
				CLANG_CXX_LANGUAGE_STANDARD = "gnu++0x";
				CLANG_CXX_LIBRARY = "libc++";
				CLANG_ENABLE_MODULES = YES;
				CLANG_ENABLE_OBJC_ARC = YES;
				CLANG_WARN_BOOL_CONVERSION = YES;
				CLANG_WARN_CONSTANT_CONVERSION = YES;
				CLANG_WARN_DIRECT_OBJC_ISA_USAGE = YES_ERROR;
				CLANG_WARN_EMPTY_BODY = YES;
				CLANG_WARN_ENUM_CONVERSION = YES;
				CLANG_WARN_INT_CONVERSION = YES;
				CLANG_WARN_OBJC_ROOT_CLASS = YES_ERROR;
				CLANG_WARN_UNREACHABLE_CODE = YES;
				CLANG_WARN__DUPLICATE_METHOD_MATCH = YES;
				"CODE_SIGN_IDENTITY[sdk=iphoneos*]" = "iPhone Developer";
				COPY_PHASE_STRIP = NO;
				ENABLE_STRICT_OBJC_MSGSEND = YES;
				GCC_C_LANGUAGE_STANDARD = gnu99;
				GCC_DYNAMIC_NO_PIC = NO;
				GCC_OPTIMIZATION_LEVEL = 0;
				GCC_PREPROCESSOR_DEFINITIONS = (
					"DEBUG=1",
					"$(inherited)",
				);
				GCC_SYMBOLS_PRIVATE_EXTERN = NO;
				GCC_WARN_64_TO_32_BIT_CONVERSION = YES;
				GCC_WARN_ABOUT_RETURN_TYPE = YES_ERROR;
				GCC_WARN_UNDECLARED_SELECTOR = YES;
				GCC_WARN_UNINITIALIZED_AUTOS = YES_AGGRESSIVE;
				GCC_WARN_UNUSED_FUNCTION = YES;
				GCC_WARN_UNUSED_VARIABLE = YES;
				IPHONEOS_DEPLOYMENT_TARGET = 8.1;
				MTL_ENABLE_DEBUG_INFO = YES;
				ONLY_ACTIVE_ARCH = YES;
				SDKROOT = iphoneos;
			};
			name = Debug;
		};
		B98FA2271A150420000F3FB6 /* Release */ = {
			isa = XCBuildConfiguration;
			buildSettings = {
				ALWAYS_SEARCH_USER_PATHS = NO;
				CLANG_CXX_LANGUAGE_STANDARD = "gnu++0x";
				CLANG_CXX_LIBRARY = "libc++";
				CLANG_ENABLE_MODULES = YES;
				CLANG_ENABLE_OBJC_ARC = YES;
				CLANG_WARN_BOOL_CONVERSION = YES;
				CLANG_WARN_CONSTANT_CONVERSION = YES;
				CLANG_WARN_DIRECT_OBJC_ISA_USAGE = YES_ERROR;
				CLANG_WARN_EMPTY_BODY = YES;
				CLANG_WARN_ENUM_CONVERSION = YES;
				CLANG_WARN_INT_CONVERSION = YES;
				CLANG_WARN_OBJC_ROOT_CLASS = YES_ERROR;
				CLANG_WARN_UNREACHABLE_CODE = YES;
				CLANG_WARN__DUPLICATE_METHOD_MATCH = YES;
				"CODE_SIGN_IDENTITY[sdk=iphoneos*]" = "iPhone Developer";
				COPY_PHASE_STRIP = YES;
				ENABLE_NS_ASSERTIONS = NO;
				ENABLE_STRICT_OBJC_MSGSEND = YES;
				GCC_C_LANGUAGE_STANDARD = gnu99;
				GCC_WARN_64_TO_32_BIT_CONVERSION = YES;
				GCC_WARN_ABOUT_RETURN_TYPE = YES_ERROR;
				GCC_WARN_UNDECLARED_SELECTOR = YES;
				GCC_WARN_UNINITIALIZED_AUTOS = YES_AGGRESSIVE;
				GCC_WARN_UNUSED_FUNCTION = YES;
				GCC_WARN_UNUSED_VARIABLE = YES;
				IPHONEOS_DEPLOYMENT_TARGET = 8.1;
				MTL_ENABLE_DEBUG_INFO = NO;
				SDKROOT = iphoneos;
				VALIDATE_PRODUCT = YES;
			};
			name = Release;
		};
		B98FA2291A150420000F3FB6 /* Debug */ = {
			isa = XCBuildConfiguration;
			buildSettings = {
				ASSETCATALOG_COMPILER_APPICON_NAME = AppIcon;
				INFOPLIST_FILE = EAnimaitonsDemo/Info.plist;
				LD_RUNPATH_SEARCH_PATHS = "$(inherited) @executable_path/Frameworks";
				PRODUCT_NAME = "$(TARGET_NAME)";
			};
			name = Debug;
		};
		B98FA22A1A150420000F3FB6 /* Release */ = {
			isa = XCBuildConfiguration;
			buildSettings = {
				ASSETCATALOG_COMPILER_APPICON_NAME = AppIcon;
				INFOPLIST_FILE = EAnimaitonsDemo/Info.plist;
				LD_RUNPATH_SEARCH_PATHS = "$(inherited) @executable_path/Frameworks";
				PRODUCT_NAME = "$(TARGET_NAME)";
			};
			name = Release;
		};
		B98FA22C1A150420000F3FB6 /* Debug */ = {
			isa = XCBuildConfiguration;
			buildSettings = {
				BUNDLE_LOADER = "$(TEST_HOST)";
				FRAMEWORK_SEARCH_PATHS = (
					"$(SDKROOT)/Developer/Library/Frameworks",
					"$(inherited)",
				);
				GCC_PREPROCESSOR_DEFINITIONS = (
					"DEBUG=1",
					"$(inherited)",
				);
				INFOPLIST_FILE = EAnimaitonsDemoTests/Info.plist;
				LD_RUNPATH_SEARCH_PATHS = "$(inherited) @executable_path/Frameworks @loader_path/Frameworks";
				PRODUCT_NAME = "$(TARGET_NAME)";
				TEST_HOST = "$(BUILT_PRODUCTS_DIR)/EAnimaitonsDemo.app/EAnimaitonsDemo";
			};
			name = Debug;
		};
		B98FA22D1A150420000F3FB6 /* Release */ = {
			isa = XCBuildConfiguration;
			buildSettings = {
				BUNDLE_LOADER = "$(TEST_HOST)";
				FRAMEWORK_SEARCH_PATHS = (
					"$(SDKROOT)/Developer/Library/Frameworks",
					"$(inherited)",
				);
				INFOPLIST_FILE = EAnimaitonsDemoTests/Info.plist;
				LD_RUNPATH_SEARCH_PATHS = "$(inherited) @executable_path/Frameworks @loader_path/Frameworks";
				PRODUCT_NAME = "$(TARGET_NAME)";
				TEST_HOST = "$(BUILT_PRODUCTS_DIR)/EAnimaitonsDemo.app/EAnimaitonsDemo";
			};
			name = Release;
		};
/* End XCBuildConfiguration section */

/* Begin XCConfigurationList section */
		B98FA2001A15041F000F3FB6 /* Build configuration list for PBXProject "EAnimaitonsDemo" */ = {
			isa = XCConfigurationList;
			buildConfigurations = (
				B98FA2261A150420000F3FB6 /* Debug */,
				B98FA2271A150420000F3FB6 /* Release */,
			);
			defaultConfigurationIsVisible = 0;
			defaultConfigurationName = Release;
		};
		B98FA2281A150420000F3FB6 /* Build configuration list for PBXNativeTarget "EAnimaitonsDemo" */ = {
			isa = XCConfigurationList;
			buildConfigurations = (
				B98FA2291A150420000F3FB6 /* Debug */,
				B98FA22A1A150420000F3FB6 /* Release */,
			);
			defaultConfigurationIsVisible = 0;
		};
		B98FA22B1A150420000F3FB6 /* Build configuration list for PBXNativeTarget "EAnimaitonsDemoTests" */ = {
			isa = XCConfigurationList;
			buildConfigurations = (
				B98FA22C1A150420000F3FB6 /* Debug */,
				B98FA22D1A150420000F3FB6 /* Release */,
			);
			defaultConfigurationIsVisible = 0;
		};
/* End XCConfigurationList section */
	};
	rootObject = B98FA1FD1A15041F000F3FB6 /* Project object */;
}
